{
  "nodes": {
    "flake-parts": {
      "inputs": {
        "nixpkgs-lib": "nixpkgs-lib"
      },
      "locked": {
        "lastModified": 1778716662,
        "narHash": "sha256-m1Yf0wZ8j1OHjTc2UwHwyQRSnNeSgLJOd7q5Y45hzi4=",
        "rev": "f7c1a2d347e4c52d5fb8d10cb4d94b5884e546fb",
        "revCount": 475,
        "type": "tarball",
        "url": "https://api.flakehub.com/f/pinned/hercules-ci/flake-parts/0.1.475%2Brev-f7c1a2d347e4c52d5fb8d10cb4d94b5884e546fb/019e2533-0324-7e90-93eb-29b02e1a61cd/source.tar.gz"
      },
      "original": {
        "type": "tarball",
        "url": "https://flakehub.com/f/hercules-ci/flake-parts/0.1"
      }
    },
    "nixpkgs": {
      "locked": {
        "lastModified": 1781577229,
        "narHash": "sha256-lrp67w8AulE9Ks53n27I45ADSzbOCn4H+CNW1Ck8B+8=",
        "rev": "567a49d1913ce81ac6e9582e3553dd90a955875f",
        "revCount": 1017464,
        "type": "tarball",
        "url": "https://api.flakehub.com/f/pinned/NixOS/nixpkgs/0.1.1017464%2Brev-567a49d1913ce81ac6e9582e3553dd90a955875f/019ed27e-44b2-7462-b1ef-3564aa6c28ee/source.tar.gz"
      },
      "original": {
        "type": "tarball",
        "url": "https://flakehub.com/f/NixOS/nixpkgs/0.1"
      }
    },
    "nixpkgs-lib": {
      "locked": {
        "lastModified": 1777168982,
        "narHash": "sha256-GOkGPcboWE9BmGCRMLX3worL4EMnsnG8MyKmXNeYuhQ=",
        "owner": "nix-community",
        "repo": "nixpkgs.lib",
        "rev": "f5901329dade4a6ea039af1433fb087bd9c1fe14",
        "type": "github"
      },
      "original": {
        "owner": "nix-community",
        "repo": "nixpkgs.lib",
        "type": "github"
      }
    },
    "pyproject-build-systems": {
      "inputs": {
        "nixpkgs": [
          "nixpkgs"
        ],
        "pyproject-nix": [
          "pyproject-nix"
        ],
        "uv2nix": [
          "uv2nix"
        ]
      },
      "locked": {
        "lastModified": 1781807804,
        "narHash": "sha256-04KFQME8sE1LSywNiYS1B6Ucf5rEiUD7/vxwFMgooXU=",
        "rev": "b84e03a7870c66033d309e0e00abd513e2299627",
        "revCount": 77,
        "type": "tarball",
        "url": "https://api.flakehub.com/f/pinned/pyproject-nix/build-system-pkgs/0.1.77%2Brev-b84e03a7870c66033d309e0e00abd513e2299627/019edebe-aff5-7b93-a4fb-cc203635ec75/source.tar.gz"
      },
      "original": {
        "type": "tarball",
        "url": "https://flakehub.com/f/pyproject-nix/build-system-pkgs/0.1"
      }
    },
    "pyproject-nix": {
      "inputs": {
        "nixpkgs": [
          "nixpkgs"
        ]
      },
      "locked": {
        "lastModified": 1751557494,
        "narHash": "sha256-dnueIffmEKtG0V4feifalsOYaHXXsrGMaoKI+4O7v/8=",
        "rev": "939ef94aea81c17bfd2f388465309eab76c45c37",
        "revCount": 488,
        "type": "tarball",
        "url": "https://api.flakehub.com/f/pinned/pyproject-nix/pyproject.nix/0.1.488%2Brev-939ef94aea81c17bfd2f388465309eab76c45c37/0197d15e-ef7c-7a39-888c-ba4e553111cf/source.tar.gz"
      },
      "original": {
        "type": "tarball",
        "url": "https://flakehub.com/f/pyproject-nix/pyproject.nix/0.1"
      }
    },
    "root": {
      "inputs": {
        "flake-parts": "flake-parts",
        "nixpkgs": "nixpkgs",
        "pyproject-build-systems": "pyproject-build-systems",
        "pyproject-nix": "pyproject-nix",
        "uv2nix": "uv2nix"
      }
    },
    "uv2nix": {
      "inputs": {
        "nixpkgs": [
          "nixpkgs"
        ],
        "pyproject-nix": [
          "pyproject-nix"
        ]
      },
      "locked": {
        "lastModified": 1781810314,
        "narHash": "sha256-PQfvfKWaBvCysdHFUO5GewwvwIqI/WL6OcrJhDSUdbc=",
        "rev": "14aa44100859a44144878fe079f8089d3fa4dc4e",
        "revCount": 477,
        "type": "tarball",
        "url": "https://api.flakehub.com/f/pinned/pyproject-nix/uv2nix/0.1.477%2Brev-14aa44100859a44144878fe079f8089d3fa4dc4e/019edebe-f1cb-7b42-93e8-daf4dc0aa449/source.tar.gz"
      },
      "original": {
        "type": "tarball",
        "url": "https://flakehub.com/f/pyproject-nix/uv2nix/0.1"
      }
    }
  },
  "root": "root",
  "version": 7
}
