{
  "nodes": {
    "flake-parts": {
      "inputs": {
        "nixpkgs-lib": "nixpkgs-lib"
      },
      "locked": {
        "lastModified": 1777988971,
        "narHash": "sha256-qIoWPDs+0/8JecyYgE3gpKQxW/4bLW/gp45vow9ioCQ=",
        "rev": "0678d8986be1661af6bb555f3489f2fdfc31f6ff",
        "revCount": 473,
        "type": "tarball",
        "url": "https://api.flakehub.com/f/pinned/hercules-ci/flake-parts/0.1.473%2Brev-0678d8986be1661af6bb555f3489f2fdfc31f6ff/019df92c-77f8-7d51-8647-f0689ffcd417/source.tar.gz"
      },
      "original": {
        "type": "tarball",
        "url": "https://flakehub.com/f/hercules-ci/flake-parts/0.1"
      }
    },
    "nixpkgs": {
      "locked": {
        "lastModified": 1777954456,
        "narHash": "sha256-hGdgeU2Nk87RAuZyYjyDjFL6LK7dAZN5RE9+hrDTkDU=",
        "rev": "549bd84d6279f9852cae6225e372cc67fb91a4c1",
        "revCount": 992384,
        "type": "tarball",
        "url": "https://api.flakehub.com/f/pinned/NixOS/nixpkgs/0.1.992384%2Brev-549bd84d6279f9852cae6225e372cc67fb91a4c1/019df915-70b5-73a2-a5a4-63c620b45d9f/source.tar.gz"
      },
      "original": {
        "type": "tarball",
        "url": "https://flakehub.com/f/NixOS/nixpkgs/0.1"
      }
    },
    "nixpkgs-lib": {
      "locked": {
        "lastModified": 1777168982,
        "narHash": "sha256-GOkGPcboWE9BmGCRMLX3worL4EMnsnG8MyKmXNeYuhQ=",
        "owner": "nix-community",
        "repo": "nixpkgs.lib",
        "rev": "f5901329dade4a6ea039af1433fb087bd9c1fe14",
        "type": "github"
      },
      "original": {
        "owner": "nix-community",
        "repo": "nixpkgs.lib",
        "type": "github"
      }
    },
    "pyproject-build-systems": {
      "inputs": {
        "nixpkgs": [
          "nixpkgs"
        ],
        "pyproject-nix": [
          "pyproject-nix"
        ],
        "uv2nix": [
          "uv2nix"
        ]
      },
      "locked": {
        "lastModified": 1776659114,
        "narHash": "sha256-qapCOQmR++yZSY43dzrp3wCrkOTLpod+ONtJWBk6iKU=",
        "rev": "ffaa2161dd5d63e0e94591f86b54fc239660fb2e",
        "revCount": 75,
        "type": "tarball",
        "url": "https://api.flakehub.com/f/pinned/pyproject-nix/build-system-pkgs/0.1.75%2Brev-ffaa2161dd5d63e0e94591f86b54fc239660fb2e/019da98a-ad3b-7eb2-82e7-dc6f46d6a516/source.tar.gz"
      },
      "original": {
        "type": "tarball",
        "url": "https://flakehub.com/f/pyproject-nix/build-system-pkgs/0.1"
      }
    },
    "pyproject-nix": {
      "inputs": {
        "nixpkgs": [
          "nixpkgs"
        ]
      },
      "locked": {
        "lastModified": 1751557494,
        "narHash": "sha256-dnueIffmEKtG0V4feifalsOYaHXXsrGMaoKI+4O7v/8=",
        "rev": "939ef94aea81c17bfd2f388465309eab76c45c37",
        "revCount": 488,
        "type": "tarball",
        "url": "https://api.flakehub.com/f/pinned/pyproject-nix/pyproject.nix/0.1.488%2Brev-939ef94aea81c17bfd2f388465309eab76c45c37/0197d15e-ef7c-7a39-888c-ba4e553111cf/source.tar.gz"
      },
      "original": {
        "type": "tarball",
        "url": "https://flakehub.com/f/pyproject-nix/pyproject.nix/0.1"
      }
    },
    "root": {
      "inputs": {
        "flake-parts": "flake-parts",
        "nixpkgs": "nixpkgs",
        "pyproject-build-systems": "pyproject-build-systems",
        "pyproject-nix": "pyproject-nix",
        "uv2nix": "uv2nix"
      }
    },
    "uv2nix": {
      "inputs": {
        "nixpkgs": [
          "nixpkgs"
        ],
        "pyproject-nix": [
          "pyproject-nix"
        ]
      },
      "locked": {
        "lastModified": 1778320345,
        "narHash": "sha256-HcdXw00vWUK/6Lnan6Sy21nfZb5664bSPAB6a/Dtsu8=",
        "rev": "26e2f4debdf32960adf9c059dfadc14d7871ca79",
        "revCount": 463,
        "type": "tarball",
        "url": "https://api.flakehub.com/f/pinned/pyproject-nix/uv2nix/0.1.463%2Brev-26e2f4debdf32960adf9c059dfadc14d7871ca79/019e0ddc-2d9c-70b1-b1e4-e50c583479d2/source.tar.gz"
      },
      "original": {
        "type": "tarball",
        "url": "https://flakehub.com/f/pyproject-nix/uv2nix/0.1"
      }
    }
  },
  "root": "root",
  "version": 7
}
