{
  "nodes": {
    "flake-parts": {
      "inputs": {
        "nixpkgs-lib": "nixpkgs-lib"
      },
      "locked": {
        "lastModified": 1772408722,
        "narHash": "sha256-rHuJtdcOjK7rAHpHphUb1iCvgkU3GpfvicLMwwnfMT0=",
        "rev": "f20dc5d9b8027381c474144ecabc9034d6a839a3",
        "revCount": 445,
        "type": "tarball",
        "url": "https://api.flakehub.com/f/pinned/hercules-ci/flake-parts/0.1.445%2Brev-f20dc5d9b8027381c474144ecabc9034d6a839a3/019cad18-ffd9-70a0-90f8-be89e5f67bbd/source.tar.gz"
      },
      "original": {
        "type": "tarball",
        "url": "https://flakehub.com/f/hercules-ci/flake-parts/0.1"
      }
    },
    "nixpkgs": {
      "locked": {
        "lastModified": 1773389992,
        "narHash": "sha256-wvfdLLWJ2I9oEpDd9PfMA8osfIZicoQ5MT1jIwNs9Tk=",
        "rev": "c06b4ae3d6599a672a6210b7021d699c351eebda",
        "revCount": 962836,
        "type": "tarball",
        "url": "https://api.flakehub.com/f/pinned/NixOS/nixpkgs/0.1.962836%2Brev-c06b4ae3d6599a672a6210b7021d699c351eebda/019cec4e-dd38-75a8-9d2d-0d91492115c9/source.tar.gz"
      },
      "original": {
        "type": "tarball",
        "url": "https://flakehub.com/f/NixOS/nixpkgs/0.1"
      }
    },
    "nixpkgs-lib": {
      "locked": {
        "lastModified": 1772328832,
        "narHash": "sha256-e+/T/pmEkLP6BHhYjx6GmwP5ivonQQn0bJdH9YrRB+Q=",
        "owner": "nix-community",
        "repo": "nixpkgs.lib",
        "rev": "c185c7a5e5dd8f9add5b2f8ebeff00888b070742",
        "type": "github"
      },
      "original": {
        "owner": "nix-community",
        "repo": "nixpkgs.lib",
        "type": "github"
      }
    },
    "pyproject-build-systems": {
      "inputs": {
        "nixpkgs": [
          "nixpkgs"
        ],
        "pyproject-nix": [
          "pyproject-nix"
        ],
        "uv2nix": [
          "uv2nix"
        ]
      },
      "locked": {
        "lastModified": 1772555609,
        "narHash": "sha256-3BA3HnUvJSbHJAlJj6XSy0Jmu7RyP2gyB/0fL7XuEDo=",
        "rev": "c37f66a953535c394244888598947679af231863",
        "revCount": 67,
        "type": "tarball",
        "url": "https://api.flakehub.com/f/pinned/pyproject-nix/build-system-pkgs/0.1.67%2Brev-c37f66a953535c394244888598947679af231863/019cb4d1-3070-700e-bc58-1175165a0f2e/source.tar.gz"
      },
      "original": {
        "type": "tarball",
        "url": "https://flakehub.com/f/pyproject-nix/build-system-pkgs/0.1"
      }
    },
    "pyproject-nix": {
      "inputs": {
        "nixpkgs": [
          "nixpkgs"
        ]
      },
      "locked": {
        "lastModified": 1751557494,
        "narHash": "sha256-dnueIffmEKtG0V4feifalsOYaHXXsrGMaoKI+4O7v/8=",
        "rev": "939ef94aea81c17bfd2f388465309eab76c45c37",
        "revCount": 488,
        "type": "tarball",
        "url": "https://api.flakehub.com/f/pinned/pyproject-nix/pyproject.nix/0.1.488%2Brev-939ef94aea81c17bfd2f388465309eab76c45c37/0197d15e-ef7c-7a39-888c-ba4e553111cf/source.tar.gz"
      },
      "original": {
        "type": "tarball",
        "url": "https://flakehub.com/f/pyproject-nix/pyproject.nix/0.1"
      }
    },
    "root": {
      "inputs": {
        "flake-parts": "flake-parts",
        "nixpkgs": "nixpkgs",
        "pyproject-build-systems": "pyproject-build-systems",
        "pyproject-nix": "pyproject-nix",
        "uv2nix": "uv2nix"
      }
    },
    "uv2nix": {
      "inputs": {
        "nixpkgs": [
          "nixpkgs"
        ],
        "pyproject-nix": [
          "pyproject-nix"
        ]
      },
      "locked": {
        "lastModified": 1771407777,
        "narHash": "sha256-dAu/mZn4vHbkKaaq+pjLTF3AEfZybYofpDKP2qEi5fQ=",
        "rev": "3eb70480bdae2382d61e94340975011f080c3f20",
        "revCount": 420,
        "type": "tarball",
        "url": "https://api.flakehub.com/f/pinned/pyproject-nix/uv2nix/0.1.420%2Brev-3eb70480bdae2382d61e94340975011f080c3f20/019c71e0-3a46-7d78-b1fa-e2bb582b7da2/source.tar.gz"
      },
      "original": {
        "type": "tarball",
        "url": "https://flakehub.com/f/pyproject-nix/uv2nix/0.1"
      }
    }
  },
  "root": "root",
  "version": 7
}
